Microsoft Visual Studio Solution File, Format Version 12.00
# Visual Studio Version 17
VisualStudioVersion = 17.5.2.0
MinimumVisualStudioVersion = 10.0.40219.1
Project("{FAE04EC0-301F-11D3-BF4B-00C04F79EFBC}") = "Stream Surfers", "Stream Surfers.csproj", "{F152291A-0AFF-AE0E-2D28-67D50DA13B28}"
EndProject
Global
	GlobalSection(SolutionConfigurationPlatforms) = preSolution
		Debug|Any CPU = Debug|Any CPU
		Release|Any CPU = Release|Any CPU
	EndGlobalSection
	GlobalSection(ProjectConfigurationPlatforms) = postSolution
		{F152291A-0AFF-AE0E-2D28-67D50DA13B28}.Debug|Any CPU.ActiveCfg = Debug|Any CPU
		{F152291A-0AFF-AE0E-2D28-67D50DA13B28}.Debug|Any CPU.Build.0 = Debug|Any CPU
		{F152291A-0AFF-AE0E-2D28-67D50DA13B28}.Release|Any CPU.ActiveCfg = Release|Any CPU
		{F152291A-0AFF-AE0E-2D28-67D50DA13B28}.Release|Any CPU.Build.0 = Release|Any CPU
	EndGlobalSection
	GlobalSection(SolutionProperties) = preSolution
		HideSolutionNode = FALSE
	EndGlobalSection
	GlobalSection(ExtensibilityGlobals) = postSolution
		SolutionGuid = {83A086A1-1B29-4D07-81C1-4FA88024F8B7}
	EndGlobalSection
EndGlobal
